{"1.2.0",
[{<<"chumak">>,{pkg,<<"chumak">>,<<"1.3.0">>},0},
 {<<"erlzmq">>,{pkg,<<"erlzmq_dnif">>,<<"4.1.3">>},0}]}.
[
{pkg_hash,[
 {<<"chumak">>, <<"425E64819F64149122A43090E2C6C4732E042D7DEB1D416BC9F29F4926779768">>},
 {<<"erlzmq">>, <<"172C1A2AF8CA70B71A1A856BEDF9D6DA618F90D01D2676E135B515B77F785C22">>}]},
{pkg_hash_ext,[
 {<<"chumak">>, <<"0627E692DF7C36B03D4B66949C2B0E83AE51C36D0E2322E7667BED45B2E599F2">>},
 {<<"erlzmq">>, <<"41DB15D9731D760B329F398F3EF37CB1E31F6DA7B3FF3050C5F68BA523F9D9D7">>}]}
].
